dependencies:
- name: pgvector
  repository: https://cagriekin.github.io/charts
  version: 0.6.4
- name: rabbitmq
  repository: oci://registry-1.docker.io/cloudpirates
  version: 0.17.1
digest: sha256:7c62e2e19cb6eefce3f030cceabf10db7cabb2d9bda2cd3850d6f54178a46010
generated: "2026-02-27T08:23:12.612538085-05:00"
