dependencies:
- name: pgvector
  repository: https://cagriekin.github.io/charts
  version: 0.6.4
- name: rabbitmq
  repository: https://charts.bitnami.com/bitnami
  version: 16.0.14
digest: sha256:d4cd93989a7e3462ab02ce491384dc811edbe1d826d7563776a1fe4782d4d195
generated: "2026-02-25T10:12:01.73165-05:00"
